
Microsoft Visual Studio Solution File, Format Version 12.00
# Visual Studio 2012
Project("{FAE04EC0-301F-11D3-BF4B-00C04F79EFBC}") = "tapthemole2", "tapthemole2\tapthemole2.csproj", "{4C66C6DA-D61E-466C-A176-9F4670E2785A}"
EndProject
Global
	GlobalSection(SolutionConfigurationPlatforms) = preSolution
		Debug|Any CPU = Debug|Any CPU
		Release|Any CPU = Release|Any CPU
	EndGlobalSection
	GlobalSection(ProjectConfigurationPlatforms) = postSolution
		{4C66C6DA-D61E-466C-A176-9F4670E2785A}.Debug|Any CPU.ActiveCfg = Debug|Any CPU
		{4C66C6DA-D61E-466C-A176-9F4670E2785A}.Debug|Any CPU.Build.0 = Debug|Any CPU
		{4C66C6DA-D61E-466C-A176-9F4670E2785A}.Release|Any CPU.ActiveCfg = Release|Any CPU
		{4C66C6DA-D61E-466C-A176-9F4670E2785A}.Release|Any CPU.Build.0 = Release|Any CPU
	EndGlobalSection
EndGlobal
